
Microsoft Visual Studio Solution File, Format Version 12.00
# Visual Studio Version 16
VisualStudioVersion = 16.0.32126.315
MinimumVisualStudioVersion = 10.0.40219.1
Project("{9A19103F-16F7-4668-BE54-9A1E7A4F7556}") = "OrderProcessor.API", "OrderProcessor.API\OrderProcessor.API.csproj", "{E595B563-3F95-408F-9BF5-90935A4DA890}"
EndProject
Project("{9A19103F-16F7-4668-BE54-9A1E7A4F7556}") = "OrderProcessor.Domain", "OrderProcessor.Domain\OrderProcessor.Domain.csproj", "{E260BF3A-E5FE-4DB1-81A0-80989F477EC1}"
EndProject
Project("{9A19103F-16F7-4668-BE54-9A1E7A4F7556}") = "OrderProcessor.Worker", "OrderProcessor.Worker\OrderProcessor.Worker.csproj", "{248B41C0-FDCE-41C5-B830-CE51103F3A4F}"
EndProject
Global
	GlobalSection(SolutionConfigurationPlatforms) = preSolution
		Debug|Any CPU = Debug|Any CPU
		Release|Any CPU = Release|Any CPU
	EndGlobalSection
	GlobalSection(ProjectConfigurationPlatforms) = postSolution
		{E595B563-3F95-408F-9BF5-90935A4DA890}.Debug|Any CPU.ActiveCfg = Debug|Any CPU
		{E595B563-3F95-408F-9BF5-90935A4DA890}.Debug|Any CPU.Build.0 = Debug|Any CPU
		{E595B563-3F95-408F-9BF5-90935A4DA890}.Release|Any CPU.ActiveCfg = Release|Any CPU
		{E595B563-3F95-408F-9BF5-90935A4DA890}.Release|Any CPU.Build.0 = Release|Any CPU
		{E260BF3A-E5FE-4DB1-81A0-80989F477EC1}.Debug|Any CPU.ActiveCfg = Debug|Any CPU
		{E260BF3A-E5FE-4DB1-81A0-80989F477EC1}.Debug|Any CPU.Build.0 = Debug|Any CPU
		{E260BF3A-E5FE-4DB1-81A0-80989F477EC1}.Release|Any CPU.ActiveCfg = Release|Any CPU
		{E260BF3A-E5FE-4DB1-81A0-80989F477EC1}.Release|Any CPU.Build.0 = Release|Any CPU
		{248B41C0-FDCE-41C5-B830-CE51103F3A4F}.Debug|Any CPU.ActiveCfg = Debug|Any CPU
		{248B41C0-FDCE-41C5-B830-CE51103F3A4F}.Debug|Any CPU.Build.0 = Debug|Any CPU
		{248B41C0-FDCE-41C5-B830-CE51103F3A4F}.Release|Any CPU.ActiveCfg = Release|Any CPU
		{248B41C0-FDCE-41C5-B830-CE51103F3A4F}.Release|Any CPU.Build.0 = Release|Any CPU
	EndGlobalSection
	GlobalSection(SolutionProperties) = preSolution
		HideSolutionNode = FALSE
	EndGlobalSection
	GlobalSection(ExtensibilityGlobals) = postSolution
		SolutionGuid = {D5B8E846-08EE-468E-8FA7-355485A4E59A}
	EndGlobalSection
EndGlobal
